// !$*UTF8*$!
{
	archiveVersion = 1;
	classes = {
	};
	objectVersion = 50;
	objects = {

/* Begin PBXBuildFile section */
		C34551F22512739300F2C7F2 /* AppDelegate.m in Sources */ = {isa = PBXBuildFile; fileRef = C34551F12512739300F2C7F2 /* AppDelegate.m */; };
		C34551F52512739300F2C7F2 /* SceneDelegate.m in Sources */ = {isa = PBXBuildFile; fileRef = C34551F42512739300F2C7F2 /* SceneDelegate.m */; };
		C34551F82512739300F2C7F2 /* ViewController.m in Sources */ = {isa = PBXBuildFile; fileRef = C34551F72512739300F2C7F2 /* ViewController.m */; };
		C34551FB2512739300F2C7F2 /* Main.storyboard in Resources */ = {isa = PBXBuildFile; fileRef = C34551F92512739300F2C7F2 /* Main.storyboard */; };
		C34551FD2512739800F2C7F2 /* Assets.xcassets in Resources */ = {isa = PBXBuildFile; fileRef = C34551FC2512739800F2C7F2 /* Assets.xcassets */; };
		C34552002512739800F2C7F2 /* LaunchScreen.storyboard in Resources */ = {isa = PBXBuildFile; fileRef = C34551FE2512739800F2C7F2 /* LaunchScreen.storyboard */; };
		C34552032512739800F2C7F2 /* main.m in Sources */ = {isa = PBXBuildFile; fileRef = C34552022512739800F2C7F2 /* main.m */; };
		C3455211251289FE00F2C7F2 /* comments.json in Resources */ = {isa = PBXBuildFile; fileRef = C345520A251289FD00F2C7F2 /* comments.json */; };
		C3455212251289FE00F2C7F2 /* Emoticons.bundle in Resources */ = {isa = PBXBuildFile; fileRef = C345520B251289FD00F2C7F2 /* Emoticons.bundle */; };
		C3455213251289FE00F2C7F2 /* favorites.json in Resources */ = {isa = PBXBuildFile; fileRef = C345520C251289FD00F2C7F2 /* favorites.json */; };
		C3455214251289FE00F2C7F2 /* awemes.json in Resources */ = {isa = PBXBuildFile; fileRef = C345520D251289FE00F2C7F2 /* awemes.json */; };
		C3455215251289FE00F2C7F2 /* groupchats.json in Resources */ = {isa = PBXBuildFile; fileRef = C345520E251289FE00F2C7F2 /* groupchats.json */; };
		C3455216251289FE00F2C7F2 /* emotion.json in Resources */ = {isa = PBXBuildFile; fileRef = C345520F251289FE00F2C7F2 /* emotion.json */; };
		C3455217251289FE00F2C7F2 /* user.json in Resources */ = {isa = PBXBuildFile; fileRef = C3455210251289FE00F2C7F2 /* user.json */; };
		C345521D25128EBC00F2C7F2 /* NetworkHelper.m in Sources */ = {isa = PBXBuildFile; fileRef = C345521C25128EBC00F2C7F2 /* NetworkHelper.m */; };
		C345522025128F1B00F2C7F2 /* WebSocketManager.m in Sources */ = {isa = PBXBuildFile; fileRef = C345521F25128F1B00F2C7F2 /* WebSocketManager.m */; };
		C345522325128F4E00F2C7F2 /* WebCacheHelper.m in Sources */ = {isa = PBXBuildFile; fileRef = C345522225128F4E00F2C7F2 /* WebCacheHelper.m */; };
		C345522625128F6C00F2C7F2 /* BaseRequest.m in Sources */ = {isa = PBXBuildFile; fileRef = C345522525128F6C00F2C7F2 /* BaseRequest.m */; };
		C34552292512905300F2C7F2 /* VisitorRequest.m in Sources */ = {isa = PBXBuildFile; fileRef = C34552282512905300F2C7F2 /* VisitorRequest.m */; };
		C345522C251290EF00F2C7F2 /* UserRequest.m in Sources */ = {isa = PBXBuildFile; fileRef = C345522B251290EF00F2C7F2 /* UserRequest.m */; };
		C345522F2512915500F2C7F2 /* AwemeListRequest.m in Sources */ = {isa = PBXBuildFile; fileRef = C345522E2512915500F2C7F2 /* AwemeListRequest.m */; };
		C3455232251291EF00F2C7F2 /* PostGroupChatTextRequest.m in Sources */ = {isa = PBXBuildFile; fileRef = C3455231251291EF00F2C7F2 /* PostGroupChatTextRequest.m */; };
		C34552352512924C00F2C7F2 /* PostGroupChatImageRequest.m in Sources */ = {isa = PBXBuildFile; fileRef = C34552342512924C00F2C7F2 /* PostGroupChatImageRequest.m */; };
		C34552382512928F00F2C7F2 /* DeleteGroupChatRequest.m in Sources */ = {isa = PBXBuildFile; fileRef = C34552372512928F00F2C7F2 /* DeleteGroupChatRequest.m */; };
		C345523B251292E900F2C7F2 /* GroupChatListRequest.m in Sources */ = {isa = PBXBuildFile; fileRef = C345523A251292E900F2C7F2 /* GroupChatListRequest.m */; };
		C345523E251293AA00F2C7F2 /* CommentListRequest.m in Sources */ = {isa = PBXBuildFile; fileRef = C345523D251293AA00F2C7F2 /* CommentListRequest.m */; };
		C34552412512949300F2C7F2 /* PostCommentRequest.m in Sources */ = {isa = PBXBuildFile; fileRef = C34552402512949300F2C7F2 /* PostCommentRequest.m */; };
		C3455244251294F600F2C7F2 /* DeleteCommentRequest.m in Sources */ = {isa = PBXBuildFile; fileRef = C3455243251294F600F2C7F2 /* DeleteCommentRequest.m */; };
		C35644402513E07E007221A6 /* BaseResponse.m in Sources */ = {isa = PBXBuildFile; fileRef = C356443F2513E07E007221A6 /* BaseResponse.m */; };
		C35644432513E16C007221A6 /* VisitorResponse.m in Sources */ = {isa = PBXBuildFile; fileRef = C35644422513E16C007221A6 /* VisitorResponse.m */; };
		C35644472513E20D007221A6 /* Visitor.m in Sources */ = {isa = PBXBuildFile; fileRef = C35644462513E20D007221A6 /* Visitor.m */; };
		C356444A2513E255007221A6 /* BaseModel.m in Sources */ = {isa = PBXBuildFile; fileRef = C35644492513E255007221A6 /* BaseModel.m */; };
		C356444D2513E2ED007221A6 /* PictureInfo.m in Sources */ = {isa = PBXBuildFile; fileRef = C356444C2513E2ED007221A6 /* PictureInfo.m */; };
		C38DD402251BAF33001C8988 /* UserResponse.m in Sources */ = {isa = PBXBuildFile; fileRef = C38DD401251BAF33001C8988 /* UserResponse.m */; };
		C38DD405251BAF68001C8988 /* User.m in Sources */ = {isa = PBXBuildFile; fileRef = C38DD404251BAF68001C8988 /* User.m */; };
		C38DD408251BB622001C8988 /* AwemeResponse.m in Sources */ = {isa = PBXBuildFile; fileRef = C38DD407251BB622001C8988 /* AwemeResponse.m */; };
		C38DD40B251BB636001C8988 /* Aweme.m in Sources */ = {isa = PBXBuildFile; fileRef = C38DD40A251BB636001C8988 /* Aweme.m */; };
		C38DD40E251BB662001C8988 /* Video.m in Sources */ = {isa = PBXBuildFile; fileRef = C38DD40D251BB662001C8988 /* Video.m */; };
		C38DD411251BB6A3001C8988 /* Music.m in Sources */ = {isa = PBXBuildFile; fileRef = C38DD410251BB6A3001C8988 /* Music.m */; };
		C38DD414251BB848001C8988 /* AwemeListResponse.m in Sources */ = {isa = PBXBuildFile; fileRef = C38DD413251BB848001C8988 /* AwemeListResponse.m */; };
		C38DD417251BBAE3001C8988 /* GroupChatResponse.m in Sources */ = {isa = PBXBuildFile; fileRef = C38DD416251BBAE3001C8988 /* GroupChatResponse.m */; };
		C38DD41A251BBB06001C8988 /* GroupChat.m in Sources */ = {isa = PBXBuildFile; fileRef = C38DD419251BBB06001C8988 /* GroupChat.m */; };
		C38DD41D251BC052001C8988 /* GroupChatListResponse.m in Sources */ = {isa = PBXBuildFile; fileRef = C38DD41C251BC052001C8988 /* GroupChatListResponse.m */; };
		C38DD420251BC0A5001C8988 /* CommentResponse.m in Sources */ = {isa = PBXBuildFile; fileRef = C38DD41F251BC0A5001C8988 /* CommentResponse.m */; };
		C38DD423251BC0C0001C8988 /* Comment.m in Sources */ = {isa = PBXBuildFile; fileRef = C38DD422251BC0C0001C8988 /* Comment.m */; };
		C38DD426251BC1DD001C8988 /* CommentListResponse.m in Sources */ = {isa = PBXBuildFile; fileRef = C38DD425251BC1DD001C8988 /* CommentListResponse.m */; };
		FB6E017BB91BFB10D33A06A5 /* libPods-SampleDemo-douyin.a in Frameworks */ = {isa = PBXBuildFile; fileRef = 065D35A858BE460423118ADC /* libPods-SampleDemo-douyin.a */; };
/* End PBXBuildFile section */

/* Begin PBXFileReference section */
		065D35A858BE460423118ADC /* libPods-SampleDemo-douyin.a */ = {isa = PBXFileReference; explicitFileType = archive.ar; includeInIndex = 0; path = "libPods-SampleDemo-douyin.a"; sourceTree = BUILT_PRODUCTS_DIR; };
		8B8A1824CEA46569F0F1778B /* Pods-SampleDemo-douyin.release.xcconfig */ = {isa = PBXFileReference; includeInIndex = 1; lastKnownFileType = text.xcconfig; name = "Pods-SampleDemo-douyin.release.xcconfig"; path = "Target Support Files/Pods-SampleDemo-douyin/Pods-SampleDemo-douyin.release.xcconfig"; sourceTree = "<group>"; };
		C34551ED2512739300F2C7F2 /* SampleDemo-douyin.app */ = {isa = PBXFileReference; explicitFileType = wrapper.application; includeInIndex = 0; path = "SampleDemo-douyin.app"; sourceTree = BUILT_PRODUCTS_DIR; };
		C34551F02512739300F2C7F2 /* AppDelegate.h */ = {isa = PBXFileReference; lastKnownFileType = sourcecode.c.h; path = AppDelegate.h; sourceTree = "<group>"; };
		C34551F12512739300F2C7F2 /* AppDelegate.m */ = {isa = PBXFileReference; lastKnownFileType = sourcecode.c.objc; path = AppDelegate.m; sourceTree = "<group>"; };
		C34551F32512739300F2C7F2 /* SceneDelegate.h */ = {isa = PBXFileReference; lastKnownFileType = sourcecode.c.h; path = SceneDelegate.h; sourceTree = "<group>"; };
		C34551F42512739300F2C7F2 /* SceneDelegate.m */ = {isa = PBXFileReference; lastKnownFileType = sourcecode.c.objc; path = SceneDelegate.m; sourceTree = "<group>"; };
		C34551F62512739300F2C7F2 /* ViewController.h */ = {isa = PBXFileReference; lastKnownFileType = sourcecode.c.h; path = ViewController.h; sourceTree = "<group>"; };
		C34551F72512739300F2C7F2 /* ViewController.m */ = {isa = PBXFileReference; lastKnownFileType = sourcecode.c.objc; path = ViewController.m; sourceTree = "<group>"; };
		C34551FA2512739300F2C7F2 /* Base */ = {isa = PBXFileReference; lastKnownFileType = file.storyboard; name = Base; path = Base.lproj/Main.storyboard; sourceTree = "<group>"; };
		C34551FC2512739800F2C7F2 /* Assets.xcassets */ = {isa = PBXFileReference; lastKnownFileType = folder.assetcatalog; path = Assets.xcassets; sourceTree = "<group>"; };
		C34551FF2512739800F2C7F2 /* Base */ = {isa = PBXFileReference; lastKnownFileType = file.storyboard; name = Base; path = Base.lproj/LaunchScreen.storyboard; sourceTree = "<group>"; };
		C34552012512739800F2C7F2 /* Info.plist */ = {isa = PBXFileReference; lastKnownFileType = text.plist.xml; path = Info.plist; sourceTree = "<group>"; };
		C34552022512739800F2C7F2 /* main.m */ = {isa = PBXFileReference; lastKnownFileType = sourcecode.c.objc; path = main.m; sourceTree = "<group>"; };
		C345520A251289FD00F2C7F2 /* comments.json */ = {isa = PBXFileReference; fileEncoding = 4; lastKnownFileType = text.json; path = comments.json; sourceTree = "<group>"; };
		C345520B251289FD00F2C7F2 /* Emoticons.bundle */ = {isa = PBXFileReference; lastKnownFileType = "wrapper.plug-in"; path = Emoticons.bundle; sourceTree = "<group>"; };
		C345520C251289FD00F2C7F2 /* favorites.json */ = {isa = PBXFileReference; fileEncoding = 4; lastKnownFileType = text.json; path = favorites.json; sourceTree = "<group>"; };
		C345520D251289FE00F2C7F2 /* awemes.json */ = {isa = PBXFileReference; fileEncoding = 4; lastKnownFileType = text.json; path = awemes.json; sourceTree = "<group>"; };
		C345520E251289FE00F2C7F2 /* groupchats.json */ = {isa = PBXFileReference; fileEncoding = 4; lastKnownFileType = text.json; path = groupchats.json; sourceTree = "<group>"; };
		C345520F251289FE00F2C7F2 /* emotion.json */ = {isa = PBXFileReference; fileEncoding = 4; lastKnownFileType = text.json; path = emotion.json; sourceTree = "<group>"; };
		C3455210251289FE00F2C7F2 /* user.json */ = {isa = PBXFileReference; fileEncoding = 4; lastKnownFileType = text.json; path = user.json; sourceTree = "<group>"; };
		C345521B25128EBC00F2C7F2 /* NetworkHelper.h */ = {isa = PBXFileReference; lastKnownFileType = sourcecode.c.h; path = NetworkHelper.h; sourceTree = "<group>"; };
		C345521C25128EBC00F2C7F2 /* NetworkHelper.m */ = {isa = PBXFileReference; lastKnownFileType = sourcecode.c.objc; path = NetworkHelper.m; sourceTree = "<group>"; };
		C345521E25128F1B00F2C7F2 /* WebSocketManager.h */ = {isa = PBXFileReference; lastKnownFileType = sourcecode.c.h; path = WebSocketManager.h; sourceTree = "<group>"; };
		C345521F25128F1B00F2C7F2 /* WebSocketManager.m */ = {isa = PBXFileReference; lastKnownFileType = sourcecode.c.objc; path = WebSocketManager.m; sourceTree = "<group>"; };
		C345522125128F4E00F2C7F2 /* WebCacheHelper.h */ = {isa = PBXFileReference; lastKnownFileType = sourcecode.c.h; path = WebCacheHelper.h; sourceTree = "<group>"; };
		C345522225128F4E00F2C7F2 /* WebCacheHelper.m */ = {isa = PBXFileReference; lastKnownFileType = sourcecode.c.objc; path = WebCacheHelper.m; sourceTree = "<group>"; };
		C345522425128F6C00F2C7F2 /* BaseRequest.h */ = {isa = PBXFileReference; lastKnownFileType = sourcecode.c.h; path = BaseRequest.h; sourceTree = "<group>"; };
		C345522525128F6C00F2C7F2 /* BaseRequest.m */ = {isa = PBXFileReference; lastKnownFileType = sourcecode.c.objc; path = BaseRequest.m; sourceTree = "<group>"; };
		C34552272512905300F2C7F2 /* VisitorRequest.h */ = {isa = PBXFileReference; lastKnownFileType = sourcecode.c.h; path = VisitorRequest.h; sourceTree = "<group>"; };
		C34552282512905300F2C7F2 /* VisitorRequest.m */ = {isa = PBXFileReference; lastKnownFileType = sourcecode.c.objc; path = VisitorRequest.m; sourceTree = "<group>"; };
		C345522A251290EF00F2C7F2 /* UserRequest.h */ = {isa = PBXFileReference; lastKnownFileType = sourcecode.c.h; path = UserRequest.h; sourceTree = "<group>"; };
		C345522B251290EF00F2C7F2 /* UserRequest.m */ = {isa = PBXFileReference; lastKnownFileType = sourcecode.c.objc; path = UserRequest.m; sourceTree = "<group>"; };
		C345522D2512915500F2C7F2 /* AwemeListRequest.h */ = {isa = PBXFileReference; lastKnownFileType = sourcecode.c.h; path = AwemeListRequest.h; sourceTree = "<group>"; };
		C345522E2512915500F2C7F2 /* AwemeListRequest.m */ = {isa = PBXFileReference; lastKnownFileType = sourcecode.c.objc; path = AwemeListRequest.m; sourceTree = "<group>"; };
		C3455230251291EF00F2C7F2 /* PostGroupChatTextRequest.h */ = {isa = PBXFileReference; lastKnownFileType = sourcecode.c.h; path = PostGroupChatTextRequest.h; sourceTree = "<group>"; };
		C3455231251291EF00F2C7F2 /* PostGroupChatTextRequest.m */ = {isa = PBXFileReference; lastKnownFileType = sourcecode.c.objc; path = PostGroupChatTextRequest.m; sourceTree = "<group>"; };
		C34552332512924C00F2C7F2 /* PostGroupChatImageRequest.h */ = {isa = PBXFileReference; lastKnownFileType = sourcecode.c.h; path = PostGroupChatImageRequest.h; sourceTree = "<group>"; };
		C34552342512924C00F2C7F2 /* PostGroupChatImageRequest.m */ = {isa = PBXFileReference; lastKnownFileType = sourcecode.c.objc; path = PostGroupChatImageRequest.m; sourceTree = "<group>"; };
		C34552362512928F00F2C7F2 /* DeleteGroupChatRequest.h */ = {isa = PBXFileReference; lastKnownFileType = sourcecode.c.h; path = DeleteGroupChatRequest.h; sourceTree = "<group>"; };
		C34552372512928F00F2C7F2 /* DeleteGroupChatRequest.m */ = {isa = PBXFileReference; lastKnownFileType = sourcecode.c.objc; path = DeleteGroupChatRequest.m; sourceTree = "<group>"; };
		C3455239251292E900F2C7F2 /* GroupChatListRequest.h */ = {isa = PBXFileReference; lastKnownFileType = sourcecode.c.h; path = GroupChatListRequest.h; sourceTree = "<group>"; };
		C345523A251292E900F2C7F2 /* GroupChatListRequest.m */ = {isa = PBXFileReference; lastKnownFileType = sourcecode.c.objc; path = GroupChatListRequest.m; sourceTree = "<group>"; };
		C345523C251293AA00F2C7F2 /* CommentListRequest.h */ = {isa = PBXFileReference; lastKnownFileType = sourcecode.c.h; path = CommentListRequest.h; sourceTree = "<group>"; };
		C345523D251293AA00F2C7F2 /* CommentListRequest.m */ = {isa = PBXFileReference; lastKnownFileType = sourcecode.c.objc; path = CommentListRequest.m; sourceTree = "<group>"; };
		C345523F2512949300F2C7F2 /* PostCommentRequest.h */ = {isa = PBXFileReference; lastKnownFileType = sourcecode.c.h; path = PostCommentRequest.h; sourceTree = "<group>"; };
		C34552402512949300F2C7F2 /* PostCommentRequest.m */ = {isa = PBXFileReference; lastKnownFileType = sourcecode.c.objc; path = PostCommentRequest.m; sourceTree = "<group>"; };
		C3455242251294F600F2C7F2 /* DeleteCommentRequest.h */ = {isa = PBXFileReference; lastKnownFileType = sourcecode.c.h; path = DeleteCommentRequest.h; sourceTree = "<group>"; };
		C3455243251294F600F2C7F2 /* DeleteCommentRequest.m */ = {isa = PBXFileReference; lastKnownFileType = sourcecode.c.objc; path = DeleteCommentRequest.m; sourceTree = "<group>"; };
		C356443E2513E07E007221A6 /* BaseResponse.h */ = {isa = PBXFileReference; lastKnownFileType = sourcecode.c.h; path = BaseResponse.h; sourceTree = "<group>"; };
		C356443F2513E07E007221A6 /* BaseResponse.m */ = {isa = PBXFileReference; lastKnownFileType = sourcecode.c.objc; path = BaseResponse.m; sourceTree = "<group>"; };
		C35644412513E16C007221A6 /* VisitorResponse.h */ = {isa = PBXFileReference; lastKnownFileType = sourcecode.c.h; path = VisitorResponse.h; sourceTree = "<group>"; };
		C35644422513E16C007221A6 /* VisitorResponse.m */ = {isa = PBXFileReference; lastKnownFileType = sourcecode.c.objc; path = VisitorResponse.m; sourceTree = "<group>"; };
		C35644452513E20D007221A6 /* Visitor.h */ = {isa = PBXFileReference; lastKnownFileType = sourcecode.c.h; path = Visitor.h; sourceTree = "<group>"; };
		C35644462513E20D007221A6 /* Visitor.m */ = {isa = PBXFileReference; lastKnownFileType = sourcecode.c.objc; path = Visitor.m; sourceTree = "<group>"; };
		C35644482513E255007221A6 /* BaseModel.h */ = {isa = PBXFileReference; lastKnownFileType = sourcecode.c.h; path = BaseModel.h; sourceTree = "<group>"; };
		C35644492513E255007221A6 /* BaseModel.m */ = {isa = PBXFileReference; lastKnownFileType = sourcecode.c.objc; path = BaseModel.m; sourceTree = "<group>"; };
		C356444B2513E2ED007221A6 /* PictureInfo.h */ = {isa = PBXFileReference; lastKnownFileType = sourcecode.c.h; path = PictureInfo.h; sourceTree = "<group>"; };
		C356444C2513E2ED007221A6 /* PictureInfo.m */ = {isa = PBXFileReference; lastKnownFileType = sourcecode.c.objc; path = PictureInfo.m; sourceTree = "<group>"; };
		C38DD400251BAF33001C8988 /* UserResponse.h */ = {isa = PBXFileReference; lastKnownFileType = sourcecode.c.h; path = UserResponse.h; sourceTree = "<group>"; };
		C38DD401251BAF33001C8988 /* UserResponse.m */ = {isa = PBXFileReference; lastKnownFileType = sourcecode.c.objc; path = UserResponse.m; sourceTree = "<group>"; };
		C38DD403251BAF68001C8988 /* User.h */ = {isa = PBXFileReference; lastKnownFileType = sourcecode.c.h; path = User.h; sourceTree = "<group>"; };
		C38DD404251BAF68001C8988 /* User.m */ = {isa = PBXFileReference; lastKnownFileType = sourcecode.c.objc; path = User.m; sourceTree = "<group>"; };
		C38DD406251BB622001C8988 /* AwemeResponse.h */ = {isa = PBXFileReference; lastKnownFileType = sourcecode.c.h; path = AwemeResponse.h; sourceTree = "<group>"; };
		C38DD407251BB622001C8988 /* AwemeResponse.m */ = {isa = PBXFileReference; lastKnownFileType = sourcecode.c.objc; path = AwemeResponse.m; sourceTree = "<group>"; };
		C38DD409251BB636001C8988 /* Aweme.h */ = {isa = PBXFileReference; lastKnownFileType = sourcecode.c.h; path = Aweme.h; sourceTree = "<group>"; };
		C38DD40A251BB636001C8988 /* Aweme.m */ = {isa = PBXFileReference; lastKnownFileType = sourcecode.c.objc; path = Aweme.m; sourceTree = "<group>"; };
		C38DD40C251BB662001C8988 /* Video.h */ = {isa = PBXFileReference; lastKnownFileType = sourcecode.c.h; path = Video.h; sourceTree = "<group>"; };
		C38DD40D251BB662001C8988 /* Video.m */ = {isa = PBXFileReference; lastKnownFileType = sourcecode.c.objc; path = Video.m; sourceTree = "<group>"; };
		C38DD40F251BB6A3001C8988 /* Music.h */ = {isa = PBXFileReference; lastKnownFileType = sourcecode.c.h; path = Music.h; sourceTree = "<group>"; };
		C38DD410251BB6A3001C8988 /* Music.m */ = {isa = PBXFileReference; lastKnownFileType = sourcecode.c.objc; path = Music.m; sourceTree = "<group>"; };
		C38DD412251BB848001C8988 /* AwemeListResponse.h */ = {isa = PBXFileReference; lastKnownFileType = sourcecode.c.h; path = AwemeListResponse.h; sourceTree = "<group>"; };
		C38DD413251BB848001C8988 /* AwemeListResponse.m */ = {isa = PBXFileReference; lastKnownFileType = sourcecode.c.objc; path = AwemeListResponse.m; sourceTree = "<group>"; };
		C38DD415251BBAE3001C8988 /* GroupChatResponse.h */ = {isa = PBXFileReference; lastKnownFileType = sourcecode.c.h; path = GroupChatResponse.h; sourceTree = "<group>"; };
		C38DD416251BBAE3001C8988 /* GroupChatResponse.m */ = {isa = PBXFileReference; lastKnownFileType = sourcecode.c.objc; path = GroupChatResponse.m; sourceTree = "<group>"; };
		C38DD418251BBB06001C8988 /* GroupChat.h */ = {isa = PBXFileReference; lastKnownFileType = sourcecode.c.h; path = GroupChat.h; sourceTree = "<group>"; };
		C38DD419251BBB06001C8988 /* GroupChat.m */ = {isa = PBXFileReference; lastKnownFileType = sourcecode.c.objc; path = GroupChat.m; sourceTree = "<group>"; };
		C38DD41B251BC052001C8988 /* GroupChatListResponse.h */ = {isa = PBXFileReference; lastKnownFileType = sourcecode.c.h; path = GroupChatListResponse.h; sourceTree = "<group>"; };
		C38DD41C251BC052001C8988 /* GroupChatListResponse.m */ = {isa = PBXFileReference; lastKnownFileType = sourcecode.c.objc; path = GroupChatListResponse.m; sourceTree = "<group>"; };
		C38DD41E251BC0A5001C8988 /* CommentResponse.h */ = {isa = PBXFileReference; lastKnownFileType = sourcecode.c.h; path = CommentResponse.h; sourceTree = "<group>"; };
		C38DD41F251BC0A5001C8988 /* CommentResponse.m */ = {isa = PBXFileReference; lastKnownFileType = sourcecode.c.objc; path = CommentResponse.m; sourceTree = "<group>"; };
		C38DD421251BC0C0001C8988 /* Comment.h */ = {isa = PBXFileReference; lastKnownFileType = sourcecode.c.h; path = Comment.h; sourceTree = "<group>"; };
		C38DD422251BC0C0001C8988 /* Comment.m */ = {isa = PBXFileReference; lastKnownFileType = sourcecode.c.objc; path = Comment.m; sourceTree = "<group>"; };
		C38DD424251BC1DD001C8988 /* CommentListResponse.h */ = {isa = PBXFileReference; lastKnownFileType = sourcecode.c.h; path = CommentListResponse.h; sourceTree = "<group>"; };
		C38DD425251BC1DD001C8988 /* CommentListResponse.m */ = {isa = PBXFileReference; lastKnownFileType = sourcecode.c.objc; path = CommentListResponse.m; sourceTree = "<group>"; };
		CFE4056C41AE1DA07F23B099 /* Pods-SampleDemo-douyin.debug.xcconfig */ = {isa = PBXFileReference; includeInIndex = 1; lastKnownFileType = text.xcconfig; name = "Pods-SampleDemo-douyin.debug.xcconfig"; path = "Target Support Files/Pods-SampleDemo-douyin/Pods-SampleDemo-douyin.debug.xcconfig"; sourceTree = "<group>"; };
/* End PBXFileReference section */

/* Begin PBXFrameworksBuildPhase section */
		C34551EA2512739300F2C7F2 /* Frameworks */ = {
			isa = PBXFrameworksBuildPhase;
			buildActionMask = 2147483647;
			files = (
				FB6E017BB91BFB10D33A06A5 /* libPods-SampleDemo-douyin.a in Frameworks */,
			);
			runOnlyForDeploymentPostprocessing = 0;
		};
/* End PBXFrameworksBuildPhase section */

/* Begin PBXGroup section */
		0B0859AE808D84323AC80CB4 /* Frameworks */ = {
			isa = PBXGroup;
			children = (
				065D35A858BE460423118ADC /* libPods-SampleDemo-douyin.a */,
			);
			name = Frameworks;
			sourceTree = "<group>";
		};
		3F3A4D35D41D7700F4E2E46A /* Pods */ = {
			isa = PBXGroup;
			children = (
				CFE4056C41AE1DA07F23B099 /* Pods-SampleDemo-douyin.debug.xcconfig */,
				8B8A1824CEA46569F0F1778B /* Pods-SampleDemo-douyin.release.xcconfig */,
			);
			path = Pods;
			sourceTree = "<group>";
		};
		C34551E42512739300F2C7F2 = {
			isa = PBXGroup;
			children = (
				C34551EF2512739300F2C7F2 /* SampleDemo-douyin */,
				C34551EE2512739300F2C7F2 /* Products */,
				3F3A4D35D41D7700F4E2E46A /* Pods */,
				0B0859AE808D84323AC80CB4 /* Frameworks */,
			);
			sourceTree = "<group>";
		};
		C34551EE2512739300F2C7F2 /* Products */ = {
			isa = PBXGroup;
			children = (
				C34551ED2512739300F2C7F2 /* SampleDemo-douyin.app */,
			);
			name = Products;
			sourceTree = "<group>";
		};
		C34551EF2512739300F2C7F2 /* SampleDemo-douyin */ = {
			isa = PBXGroup;
			children = (
				C35644442513E1CB007221A6 /* Entity */,
				C345521825128E4600F2C7F2 /* Network */,
				C34552092512899200F2C7F2 /* Resource */,
				C34551F02512739300F2C7F2 /* AppDelegate.h */,
				C34551F12512739300F2C7F2 /* AppDelegate.m */,
				C34551F32512739300F2C7F2 /* SceneDelegate.h */,
				C34551F42512739300F2C7F2 /* SceneDelegate.m */,
				C34551F62512739300F2C7F2 /* ViewController.h */,
				C34551F72512739300F2C7F2 /* ViewController.m */,
				C34551F92512739300F2C7F2 /* Main.storyboard */,
				C34551FE2512739800F2C7F2 /* LaunchScreen.storyboard */,
				C34552012512739800F2C7F2 /* Info.plist */,
				C34552022512739800F2C7F2 /* main.m */,
			);
			path = "SampleDemo-douyin";
			sourceTree = "<group>";
		};
		C34552092512899200F2C7F2 /* Resource */ = {
			isa = PBXGroup;
			children = (
				C345520D251289FE00F2C7F2 /* awemes.json */,
				C345520A251289FD00F2C7F2 /* comments.json */,
				C345520B251289FD00F2C7F2 /* Emoticons.bundle */,
				C345520F251289FE00F2C7F2 /* emotion.json */,
				C345520C251289FD00F2C7F2 /* favorites.json */,
				C345520E251289FE00F2C7F2 /* groupchats.json */,
				C3455210251289FE00F2C7F2 /* user.json */,
				C34551FC2512739800F2C7F2 /* Assets.xcassets */,
			);
			path = Resource;
			sourceTree = "<group>";
		};
		C345521825128E4600F2C7F2 /* Network */ = {
			isa = PBXGroup;
			children = (
				C345521A25128E7B00F2C7F2 /* HttpResponse */,
				C345521925128E6B00F2C7F2 /* HttpRequest */,
				C345521B25128EBC00F2C7F2 /* NetworkHelper.h */,
				C345521C25128EBC00F2C7F2 /* NetworkHelper.m */,
				C345521E25128F1B00F2C7F2 /* WebSocketManager.h */,
				C345521F25128F1B00F2C7F2 /* WebSocketManager.m */,
				C345522125128F4E00F2C7F2 /* WebCacheHelper.h */,
				C345522225128F4E00F2C7F2 /* WebCacheHelper.m */,
			);
			path = Network;
			sourceTree = "<group>";
		};
		C345521925128E6B00F2C7F2 /* HttpRequest */ = {
			isa = PBXGroup;
			children = (
				C345522525128F6C00F2C7F2 /* BaseRequest.m */,
				C34552272512905300F2C7F2 /* VisitorRequest.h */,
				C34552282512905300F2C7F2 /* VisitorRequest.m */,
				C345522A251290EF00F2C7F2 /* UserRequest.h */,
				C345522B251290EF00F2C7F2 /* UserRequest.m */,
				C345522425128F6C00F2C7F2 /* BaseRequest.h */,
				C345522D2512915500F2C7F2 /* AwemeListRequest.h */,
				C345522E2512915500F2C7F2 /* AwemeListRequest.m */,
				C3455230251291EF00F2C7F2 /* PostGroupChatTextRequest.h */,
				C3455231251291EF00F2C7F2 /* PostGroupChatTextRequest.m */,
				C34552332512924C00F2C7F2 /* PostGroupChatImageRequest.h */,
				C34552342512924C00F2C7F2 /* PostGroupChatImageRequest.m */,
				C34552362512928F00F2C7F2 /* DeleteGroupChatRequest.h */,
				C34552372512928F00F2C7F2 /* DeleteGroupChatRequest.m */,
				C3455239251292E900F2C7F2 /* GroupChatListRequest.h */,
				C345523A251292E900F2C7F2 /* GroupChatListRequest.m */,
				C345523C251293AA00F2C7F2 /* CommentListRequest.h */,
				C345523D251293AA00F2C7F2 /* CommentListRequest.m */,
				C345523F2512949300F2C7F2 /* PostCommentRequest.h */,
				C34552402512949300F2C7F2 /* PostCommentRequest.m */,
				C3455242251294F600F2C7F2 /* DeleteCommentRequest.h */,
				C3455243251294F600F2C7F2 /* DeleteCommentRequest.m */,
			);
			path = HttpRequest;
			sourceTree = "<group>";
		};
		C345521A25128E7B00F2C7F2 /* HttpResponse */ = {
			isa = PBXGroup;
			children = (
				C356443E2513E07E007221A6 /* BaseResponse.h */,
				C356443F2513E07E007221A6 /* BaseResponse.m */,
				C35644412513E16C007221A6 /* VisitorResponse.h */,
				C35644422513E16C007221A6 /* VisitorResponse.m */,
				C38DD400251BAF33001C8988 /* UserResponse.h */,
				C38DD401251BAF33001C8988 /* UserResponse.m */,
				C38DD406251BB622001C8988 /* AwemeResponse.h */,
				C38DD407251BB622001C8988 /* AwemeResponse.m */,
				C38DD412251BB848001C8988 /* AwemeListResponse.h */,
				C38DD413251BB848001C8988 /* AwemeListResponse.m */,
				C38DD415251BBAE3001C8988 /* GroupChatResponse.h */,
				C38DD416251BBAE3001C8988 /* GroupChatResponse.m */,
				C38DD41B251BC052001C8988 /* GroupChatListResponse.h */,
				C38DD41C251BC052001C8988 /* GroupChatListResponse.m */,
				C38DD41E251BC0A5001C8988 /* CommentResponse.h */,
				C38DD41F251BC0A5001C8988 /* CommentResponse.m */,
				C38DD424251BC1DD001C8988 /* CommentListResponse.h */,
				C38DD425251BC1DD001C8988 /* CommentListResponse.m */,
			);
			path = HttpResponse;
			sourceTree = "<group>";
		};
		C35644442513E1CB007221A6 /* Entity */ = {
			isa = PBXGroup;
			children = (
				C35644452513E20D007221A6 /* Visitor.h */,
				C35644462513E20D007221A6 /* Visitor.m */,
				C35644482513E255007221A6 /* BaseModel.h */,
				C35644492513E255007221A6 /* BaseModel.m */,
				C356444B2513E2ED007221A6 /* PictureInfo.h */,
				C356444C2513E2ED007221A6 /* PictureInfo.m */,
				C38DD403251BAF68001C8988 /* User.h */,
				C38DD404251BAF68001C8988 /* User.m */,
				C38DD409251BB636001C8988 /* Aweme.h */,
				C38DD40A251BB636001C8988 /* Aweme.m */,
				C38DD40C251BB662001C8988 /* Video.h */,
				C38DD40D251BB662001C8988 /* Video.m */,
				C38DD40F251BB6A3001C8988 /* Music.h */,
				C38DD410251BB6A3001C8988 /* Music.m */,
				C38DD418251BBB06001C8988 /* GroupChat.h */,
				C38DD419251BBB06001C8988 /* GroupChat.m */,
				C38DD421251BC0C0001C8988 /* Comment.h */,
				C38DD422251BC0C0001C8988 /* Comment.m */,
			);
			path = Entity;
			sourceTree = "<group>";
		};
/* End PBXGroup section */

/* Begin PBXNativeTarget section */
		C34551EC2512739300F2C7F2 /* SampleDemo-douyin */ = {
			isa = PBXNativeTarget;
			buildConfigurationList = C34552062512739800F2C7F2 /* Build configuration list for PBXNativeTarget "SampleDemo-douyin" */;
			buildPhases = (
				A4F0B076CD2ABBE474A35008 /* [CP] Check Pods Manifest.lock */,
				C34551E92512739300F2C7F2 /* Sources */,
				C34551EA2512739300F2C7F2 /* Frameworks */,
				C34551EB2512739300F2C7F2 /* Resources */,
			);
			buildRules = (
			);
			dependencies = (
			);
			name = "SampleDemo-douyin";
			productName = "SampleDemo-douyin";
			productReference = C34551ED2512739300F2C7F2 /* SampleDemo-douyin.app */;
			productType = "com.apple.product-type.application";
		};
/* End PBXNativeTarget section */

/* Begin PBXProject section */
		C34551E52512739300F2C7F2 /* Project object */ = {
			isa = PBXProject;
			attributes = {
				LastUpgradeCheck = 1160;
				ORGANIZATIONNAME = "夏能啟";
				TargetAttributes = {
					C34551EC2512739300F2C7F2 = {
						CreatedOnToolsVersion = 11.6;
					};
				};
			};
			buildConfigurationList = C34551E82512739300F2C7F2 /* Build configuration list for PBXProject "SampleDemo-douyin" */;
			compatibilityVersion = "Xcode 9.3";
			developmentRegion = en;
			hasScannedForEncodings = 0;
			knownRegions = (
				en,
				Base,
			);
			mainGroup = C34551E42512739300F2C7F2;
			productRefGroup = C34551EE2512739300F2C7F2 /* Products */;
			projectDirPath = "";
			projectRoot = "";
			targets = (
				C34551EC2512739300F2C7F2 /* SampleDemo-douyin */,
			);
		};
/* End PBXProject section */

/* Begin PBXResourcesBuildPhase section */
		C34551EB2512739300F2C7F2 /* Resources */ = {
			isa = PBXResourcesBuildPhase;
			buildActionMask = 2147483647;
			files = (
				C34552002512739800F2C7F2 /* LaunchScreen.storyboard in Resources */,
				C34551FD2512739800F2C7F2 /* Assets.xcassets in Resources */,
				C34551FB2512739300F2C7F2 /* Main.storyboard in Resources */,
				C3455211251289FE00F2C7F2 /* comments.json in Resources */,
				C3455217251289FE00F2C7F2 /* user.json in Resources */,
				C3455214251289FE00F2C7F2 /* awemes.json in Resources */,
				C3455212251289FE00F2C7F2 /* Emoticons.bundle in Resources */,
				C3455213251289FE00F2C7F2 /* favorites.json in Resources */,
				C3455216251289FE00F2C7F2 /* emotion.json in Resources */,
				C3455215251289FE00F2C7F2 /* groupchats.json in Resources */,
			);
			runOnlyForDeploymentPostprocessing = 0;
		};
/* End PBXResourcesBuildPhase section */

/* Begin PBXShellScriptBuildPhase section */
		A4F0B076CD2ABBE474A35008 /* [CP] Check Pods Manifest.lock */ = {
			isa = PBXShellScriptBuildPhase;
			buildActionMask = 2147483647;
			files = (
			);
			inputFileListPaths = (
			);
			inputPaths = (
				"${PODS_PODFILE_DIR_PATH}/Podfile.lock",
				"${PODS_ROOT}/Manifest.lock",
			);
			name = "[CP] Check Pods Manifest.lock";
			outputFileListPaths = (
			);
			outputPaths = (
				"$(DERIVED_FILE_DIR)/Pods-SampleDemo-douyin-checkManifestLockResult.txt",
			);
			runOnlyForDeploymentPostprocessing = 0;
			shellPath = /bin/sh;
			shellScript = "diff \"${PODS_PODFILE_DIR_PATH}/Podfile.lock\" \"${PODS_ROOT}/Manifest.lock\" > /dev/null\nif [ $? != 0 ] ; then\n    # print error to STDERR\n    echo \"error: The sandbox is not in sync with the Podfile.lock. Run 'pod install' or update your CocoaPods installation.\" >&2\n    exit 1\nfi\n# This output is used by Xcode 'outputs' to avoid re-running this script phase.\necho \"SUCCESS\" > \"${SCRIPT_OUTPUT_FILE_0}\"\n";
			showEnvVarsInLog = 0;
		};
/* End PBXShellScriptBuildPhase section */

/* Begin PBXSourcesBuildPhase section */
		C34551E92512739300F2C7F2 /* Sources */ = {
			isa = PBXSourcesBuildPhase;
			buildActionMask = 2147483647;
			files = (
				C38DD405251BAF68001C8988 /* User.m in Sources */,
				C345522C251290EF00F2C7F2 /* UserRequest.m in Sources */,
				C34551F82512739300F2C7F2 /* ViewController.m in Sources */,
				C38DD417251BBAE3001C8988 /* GroupChatResponse.m in Sources */,
				C35644472513E20D007221A6 /* Visitor.m in Sources */,
				C34552352512924C00F2C7F2 /* PostGroupChatImageRequest.m in Sources */,
				C34551F22512739300F2C7F2 /* AppDelegate.m in Sources */,
				C34552032512739800F2C7F2 /* main.m in Sources */,
				C38DD411251BB6A3001C8988 /* Music.m in Sources */,
				C345522325128F4E00F2C7F2 /* WebCacheHelper.m in Sources */,
				C38DD426251BC1DD001C8988 /* CommentListResponse.m in Sources */,
				C345522625128F6C00F2C7F2 /* BaseRequest.m in Sources */,
				C34552412512949300F2C7F2 /* PostCommentRequest.m in Sources */,
				C3455244251294F600F2C7F2 /* DeleteCommentRequest.m in Sources */,
				C345523E251293AA00F2C7F2 /* CommentListRequest.m in Sources */,
				C38DD41D251BC052001C8988 /* GroupChatListResponse.m in Sources */,
				C345523B251292E900F2C7F2 /* GroupChatListRequest.m in Sources */,
				C38DD40E251BB662001C8988 /* Video.m in Sources */,
				C356444D2513E2ED007221A6 /* PictureInfo.m in Sources */,
				C35644432513E16C007221A6 /* VisitorResponse.m in Sources */,
				C3455232251291EF00F2C7F2 /* PostGroupChatTextRequest.m in Sources */,
				C38DD41A251BBB06001C8988 /* GroupChat.m in Sources */,
				C356444A2513E255007221A6 /* BaseModel.m in Sources */,
				C34552382512928F00F2C7F2 /* DeleteGroupChatRequest.m in Sources */,
				C38DD40B251BB636001C8988 /* Aweme.m in Sources */,
				C38DD420251BC0A5001C8988 /* CommentResponse.m in Sources */,
				C38DD408251BB622001C8988 /* AwemeResponse.m in Sources */,
				C34551F52512739300F2C7F2 /* SceneDelegate.m in Sources */,
				C35644402513E07E007221A6 /* BaseResponse.m in Sources */,
				C38DD423251BC0C0001C8988 /* Comment.m in Sources */,
				C345522F2512915500F2C7F2 /* AwemeListRequest.m in Sources */,
				C345521D25128EBC00F2C7F2 /* NetworkHelper.m in Sources */,
				C34552292512905300F2C7F2 /* VisitorRequest.m in Sources */,
				C345522025128F1B00F2C7F2 /* WebSocketManager.m in Sources */,
				C38DD414251BB848001C8988 /* AwemeListResponse.m in Sources */,
				C38DD402251BAF33001C8988 /* UserResponse.m in Sources */,
			);
			runOnlyForDeploymentPostprocessing = 0;
		};
/* End PBXSourcesBuildPhase section */

/* Begin PBXVariantGroup section */
		C34551F92512739300F2C7F2 /* Main.storyboard */ = {
			isa = PBXVariantGroup;
			children = (
				C34551FA2512739300F2C7F2 /* Base */,
			);
			name = Main.storyboard;
			sourceTree = "<group>";
		};
		C34551FE2512739800F2C7F2 /* LaunchScreen.storyboard */ = {
			isa = PBXVariantGroup;
			children = (
				C34551FF2512739800F2C7F2 /* Base */,
			);
			name = LaunchScreen.storyboard;
			sourceTree = "<group>";
		};
/* End PBXVariantGroup section */

/* Begin XCBuildConfiguration section */
		C34552042512739800F2C7F2 /* Debug */ = {
			isa = XCBuildConfiguration;
			buildSettings = {
				ALWAYS_SEARCH_USER_PATHS = NO;
				CLANG_ANALYZER_NONNULL = YES;
				CLANG_ANALYZER_NUMBER_OBJECT_CONVERSION = YES_AGGRESSIVE;
				CLANG_CXX_LANGUAGE_STANDARD = "gnu++14";
				CLANG_CXX_LIBRARY = "libc++";
				CLANG_ENABLE_MODULES = YES;
				CLANG_ENABLE_OBJC_ARC = YES;
				CLANG_ENABLE_OBJC_WEAK = YES;
				CLANG_WARN_BLOCK_CAPTURE_AUTORELEASING = YES;
				CLANG_WARN_BOOL_CONVERSION = YES;
				CLANG_WARN_COMMA = YES;
				CLANG_WARN_CONSTANT_CONVERSION = YES;
				CLANG_WARN_DEPRECATED_OBJC_IMPLEMENTATIONS = YES;
				CLANG_WARN_DIRECT_OBJC_ISA_USAGE = YES_ERROR;
				CLANG_WARN_DOCUMENTATION_COMMENTS = YES;
				CLANG_WARN_EMPTY_BODY = YES;
				CLANG_WARN_ENUM_CONVERSION = YES;
				CLANG_WARN_INFINITE_RECURSION = YES;
				CLANG_WARN_INT_CONVERSION = YES;
				CLANG_WARN_NON_LITERAL_NULL_CONVERSION = YES;
				CLANG_WARN_OBJC_IMPLICIT_RETAIN_SELF = YES;
				CLANG_WARN_OBJC_LITERAL_CONVERSION = YES;
				CLANG_WARN_OBJC_ROOT_CLASS = YES_ERROR;
				CLANG_WARN_RANGE_LOOP_ANALYSIS = YES;
				CLANG_WARN_STRICT_PROTOTYPES = YES;
				CLANG_WARN_SUSPICIOUS_MOVE = YES;
				CLANG_WARN_UNGUARDED_AVAILABILITY = YES_AGGRESSIVE;
				CLANG_WARN_UNREACHABLE_CODE = YES;
				CLANG_WARN__DUPLICATE_METHOD_MATCH = YES;
				COPY_PHASE_STRIP = NO;
				DEBUG_INFORMATION_FORMAT = dwarf;
				ENABLE_STRICT_OBJC_MSGSEND = YES;
				ENABLE_TESTABILITY = YES;
				GCC_C_LANGUAGE_STANDARD = gnu11;
				GCC_DYNAMIC_NO_PIC = NO;
				GCC_NO_COMMON_BLOCKS = YES;
				GCC_OPTIMIZATION_LEVEL = 0;
				GCC_PREPROCESSOR_DEFINITIONS = (
					"DEBUG=1",
					"$(inherited)",
				);
				GCC_WARN_64_TO_32_BIT_CONVERSION = YES;
				GCC_WARN_ABOUT_RETURN_TYPE = YES_ERROR;
				GCC_WARN_UNDECLARED_SELECTOR = YES;
				GCC_WARN_UNINITIALIZED_AUTOS = YES_AGGRESSIVE;
				GCC_WARN_UNUSED_FUNCTION = YES;
				GCC_WARN_UNUSED_VARIABLE = YES;
				IPHONEOS_DEPLOYMENT_TARGET = 13.6;
				MTL_ENABLE_DEBUG_INFO = INCLUDE_SOURCE;
				MTL_FAST_MATH = YES;
				ONLY_ACTIVE_ARCH = YES;
				SDKROOT = iphoneos;
			};
			name = Debug;
		};
		C34552052512739800F2C7F2 /* Release */ = {
			isa = XCBuildConfiguration;
			buildSettings = {
				ALWAYS_SEARCH_USER_PATHS = NO;
				CLANG_ANALYZER_NONNULL = YES;
				CLANG_ANALYZER_NUMBER_OBJECT_CONVERSION = YES_AGGRESSIVE;
				CLANG_CXX_LANGUAGE_STANDARD = "gnu++14";
				CLANG_CXX_LIBRARY = "libc++";
				CLANG_ENABLE_MODULES = YES;
				CLANG_ENABLE_OBJC_ARC = YES;
				CLANG_ENABLE_OBJC_WEAK = YES;
				CLANG_WARN_BLOCK_CAPTURE_AUTORELEASING = YES;
				CLANG_WARN_BOOL_CONVERSION = YES;
				CLANG_WARN_COMMA = YES;
				CLANG_WARN_CONSTANT_CONVERSION = YES;
				CLANG_WARN_DEPRECATED_OBJC_IMPLEMENTATIONS = YES;
				CLANG_WARN_DIRECT_OBJC_ISA_USAGE = YES_ERROR;
				CLANG_WARN_DOCUMENTATION_COMMENTS = YES;
				CLANG_WARN_EMPTY_BODY = YES;
				CLANG_WARN_ENUM_CONVERSION = YES;
				CLANG_WARN_INFINITE_RECURSION = YES;
				CLANG_WARN_INT_CONVERSION = YES;
				CLANG_WARN_NON_LITERAL_NULL_CONVERSION = YES;
				CLANG_WARN_OBJC_IMPLICIT_RETAIN_SELF = YES;
				CLANG_WARN_OBJC_LITERAL_CONVERSION = YES;
				CLANG_WARN_OBJC_ROOT_CLASS = YES_ERROR;
				CLANG_WARN_RANGE_LOOP_ANALYSIS = YES;
				CLANG_WARN_STRICT_PROTOTYPES = YES;
				CLANG_WARN_SUSPICIOUS_MOVE = YES;
				CLANG_WARN_UNGUARDED_AVAILABILITY = YES_AGGRESSIVE;
				CLANG_WARN_UNREACHABLE_CODE = YES;
				CLANG_WARN__DUPLICATE_METHOD_MATCH = YES;
				COPY_PHASE_STRIP = NO;
				DEBUG_INFORMATION_FORMAT = "dwarf-with-dsym";
				ENABLE_NS_ASSERTIONS = NO;
				ENABLE_STRICT_OBJC_MSGSEND = YES;
				GCC_C_LANGUAGE_STANDARD = gnu11;
				GCC_NO_COMMON_BLOCKS = YES;
				GCC_WARN_64_TO_32_BIT_CONVERSION = YES;
				GCC_WARN_ABOUT_RETURN_TYPE = YES_ERROR;
				GCC_WARN_UNDECLARED_SELECTOR = YES;
				GCC_WARN_UNINITIALIZED_AUTOS = YES_AGGRESSIVE;
				GCC_WARN_UNUSED_FUNCTION = YES;
				GCC_WARN_UNUSED_VARIABLE = YES;
				IPHONEOS_DEPLOYMENT_TARGET = 13.6;
				MTL_ENABLE_DEBUG_INFO = NO;
				MTL_FAST_MATH = YES;
				SDKROOT = iphoneos;
				VALIDATE_PRODUCT = YES;
			};
			name = Release;
		};
		C34552072512739800F2C7F2 /* Debug */ = {
			isa = XCBuildConfiguration;
			baseConfigurationReference = CFE4056C41AE1DA07F23B099 /* Pods-SampleDemo-douyin.debug.xcconfig */;
			buildSettings = {
				ASSETCATALOG_COMPILER_APPICON_NAME = AppIcon;
				CODE_SIGN_STYLE = Automatic;
				DEVELOPMENT_TEAM = ZD8RCDB2Y6;
				INFOPLIST_FILE = "SampleDemo-douyin/Info.plist";
				LD_RUNPATH_SEARCH_PATHS = (
					"$(inherited)",
					"@executable_path/Frameworks",
				);
				PRODUCT_BUNDLE_IDENTIFIER = "com.xianengqi.SampleDemo-douyin";
				PRODUCT_NAME = "$(TARGET_NAME)";
				TARGETED_DEVICE_FAMILY = "1,2";
			};
			name = Debug;
		};
		C34552082512739800F2C7F2 /* Release */ = {
			isa = XCBuildConfiguration;
			baseConfigurationReference = 8B8A1824CEA46569F0F1778B /* Pods-SampleDemo-douyin.release.xcconfig */;
			buildSettings = {
				ASSETCATALOG_COMPILER_APPICON_NAME = AppIcon;
				CODE_SIGN_STYLE = Automatic;
				DEVELOPMENT_TEAM = ZD8RCDB2Y6;
				INFOPLIST_FILE = "SampleDemo-douyin/Info.plist";
				LD_RUNPATH_SEARCH_PATHS = (
					"$(inherited)",
					"@executable_path/Frameworks",
				);
				PRODUCT_BUNDLE_IDENTIFIER = "com.xianengqi.SampleDemo-douyin";
				PRODUCT_NAME = "$(TARGET_NAME)";
				TARGETED_DEVICE_FAMILY = "1,2";
			};
			name = Release;
		};
/* End XCBuildConfiguration section */

/* Begin XCConfigurationList section */
		C34551E82512739300F2C7F2 /* Build configuration list for PBXProject "SampleDemo-douyin" */ = {
			isa = XCConfigurationList;
			buildConfigurations = (
				C34552042512739800F2C7F2 /* Debug */,
				C34552052512739800F2C7F2 /* Release */,
			);
			defaultConfigurationIsVisible = 0;
			defaultConfigurationName = Release;
		};
		C34552062512739800F2C7F2 /* Build configuration list for PBXNativeTarget "SampleDemo-douyin" */ = {
			isa = XCConfigurationList;
			buildConfigurations = (
				C34552072512739800F2C7F2 /* Debug */,
				C34552082512739800F2C7F2 /* Release */,
			);
			defaultConfigurationIsVisible = 0;
			defaultConfigurationName = Release;
		};
/* End XCConfigurationList section */
	};
	rootObject = C34551E52512739300F2C7F2 /* Project object */;
}
